// !$*UTF8*$!
{
	archiveVersion = 1;
	classes = {
	};
	objectVersion = 46;
	objects = {

/* Begin PBXBuildFile section */
		A01E269C1EF9BCC200EF6EB4 /* AppDelegate.swift in Sources */ = {isa = PBXBuildFile; fileRef = A01E269B1EF9BCC200EF6EB4 /* AppDelegate.swift */; };
		A01E269E1EF9BCC200EF6EB4 /* ViewController.swift in Sources */ = {isa = PBXBuildFile; fileRef = A01E269D1EF9BCC200EF6EB4 /* ViewController.swift */; };
		A01E26A11EF9BCC200EF6EB4 /* Main.storyboard in Resources */ = {isa = PBXBuildFile; fileRef = A01E269F1EF9BCC200EF6EB4 /* Main.storyboard */; };
		A01E26A31EF9BCC200EF6EB4 /* Assets.xcassets in Resources */ = {isa = PBXBuildFile; fileRef = A01E26A21EF9BCC200EF6EB4 /* Assets.xcassets */; };
		A01E26A61EF9BCC200EF6EB4 /* LaunchScreen.storyboard in Resources */ = {isa = PBXBuildFile; fileRef = A01E26A41EF9BCC200EF6EB4 /* LaunchScreen.storyboard */; };
		A01E26B11EF9BCC200EF6EB4 /* tippyTests.swift in Sources */ = {isa = PBXBuildFile; fileRef = A01E26B01EF9BCC200EF6EB4 /* tippyTests.swift */; };
		A01E26BC1EF9BCC200EF6EB4 /* tippyUITests.swift in Sources */ = {isa = PBXBuildFile; fileRef = A01E26BB1EF9BCC200EF6EB4 /* tippyUITests.swift */; };
/* End PBXBuildFile section */

/* Begin PBXContainerItemProxy section */
		A01E26AD1EF9BCC200EF6EB4 /* PBXContainerItemProxy */ = {
			isa = PBXContainerItemProxy;
			containerPortal = A01E26901EF9BCC100EF6EB4 /* Project object */;
			proxyType = 1;
			remoteGlobalIDString = A01E26971EF9BCC200EF6EB4;
			remoteInfo = tippy;
		};
		A01E26B81EF9BCC200EF6EB4 /* PBXContainerItemProxy */ = {
			isa = PBXContainerItemProxy;
			containerPortal = A01E26901EF9BCC100EF6EB4 /* Project object */;
			proxyType = 1;
			remoteGlobalIDString = A01E26971EF9BCC200EF6EB4;
			remoteInfo = tippy;
		};
/* End PBXContainerItemProxy section */

/* Begin PBXFileReference section */
		A01E26981EF9BCC200EF6EB4 /* tippy.app */ = {isa = PBXFileReference; explicitFileType = wrapper.application; includeInIndex = 0; path = tippy.app; sourceTree = BUILT_PRODUCTS_DIR; };
		A01E269B1EF9BCC200EF6EB4 /* AppDelegate.swift */ = {isa = PBXFileReference; lastKnownFileType = sourcecode.swift; path = AppDelegate.swift; sourceTree = "<group>"; };
		A01E269D1EF9BCC200EF6EB4 /* ViewController.swift */ = {isa = PBXFileReference; lastKnownFileType = sourcecode.swift; path = ViewController.swift; sourceTree = "<group>"; };
		A01E26A01EF9BCC200EF6EB4 /* Base */ = {isa = PBXFileReference; lastKnownFileType = file.storyboard; name = Base; path = Base.lproj/Main.storyboard; sourceTree = "<group>"; };
		A01E26A21EF9BCC200EF6EB4 /* Assets.xcassets */ = {isa = PBXFileReference; lastKnownFileType = folder.assetcatalog; path = Assets.xcassets; sourceTree = "<group>"; };
		A01E26A51EF9BCC200EF6EB4 /* Base */ = {isa = PBXFileReference; lastKnownFileType = file.storyboard; name = Base; path = Base.lproj/LaunchScreen.storyboard; sourceTree = "<group>"; };
		A01E26A71EF9BCC200EF6EB4 /* Info.plist */ = {isa = PBXFileReference; lastKnownFileType = text.plist.xml; path = Info.plist; sourceTree = "<group>"; };
		A01E26AC1EF9BCC200EF6EB4 /* tippyTests.xctest */ = {isa = PBXFileReference; explicitFileType = wrapper.cfbundle; includeInIndex = 0; path = tippyTests.xctest; sourceTree = BUILT_PRODUCTS_DIR; };
		A01E26B01EF9BCC200EF6EB4 /* tippyTests.swift */ = {isa = PBXFileReference; lastKnownFileType = sourcecode.swift; path = tippyTests.swift; sourceTree = "<group>"; };
		A01E26B21EF9BCC200EF6EB4 /* Info.plist */ = {isa = PBXFileReference; lastKnownFileType = text.plist.xml; path = Info.plist; sourceTree = "<group>"; };
		A01E26B71EF9BCC200EF6EB4 /* tippyUITests.xctest */ = {isa = PBXFileReference; explicitFileType = wrapper.cfbundle; includeInIndex = 0; path = tippyUITests.xctest; sourceTree = BUILT_PRODUCTS_DIR; };
		A01E26BB1EF9BCC200EF6EB4 /* tippyUITests.swift */ = {isa = PBXFileReference; lastKnownFileType = sourcecode.swift; path = tippyUITests.swift; sourceTree = "<group>"; };
		A01E26BD1EF9BCC200EF6EB4 /* Info.plist */ = {isa = PBXFileReference; lastKnownFileType = text.plist.xml; path = Info.plist; sourceTree = "<group>"; };
/* End PBXFileReference section */

/* Begin PBXFrameworksBuildPhase section */
		A01E26951EF9BCC200EF6EB4 /* Frameworks */ = {
			isa = PBXFrameworksBuildPhase;
			buildActionMask = 2147483647;
			files = (
			);
			runOnlyForDeploymentPostprocessing = 0;
		};
		A01E26A91EF9BCC200EF6EB4 /* Frameworks */ = {
			isa = PBXFrameworksBuildPhase;
			buildActionMask = 2147483647;
			files = (
			);
			runOnlyForDeploymentPostprocessing = 0;
		};
		A01E26B41EF9BCC200EF6EB4 /* Frameworks */ = {
			isa = PBXFrameworksBuildPhase;
			buildActionMask = 2147483647;
			files = (
			);
			runOnlyForDeploymentPostprocessing = 0;
		};
/* End PBXFrameworksBuildPhase section */

/* Begin PBXGroup section */
		A01E268F1EF9BCC100EF6EB4 = {
			isa = PBXGroup;
			children = (
				A01E269A1EF9BCC200EF6EB4 /* tippy */,
				A01E26AF1EF9BCC200EF6EB4 /* tippyTests */,
				A01E26BA1EF9BCC200EF6EB4 /* tippyUITests */,
				A01E26991EF9BCC200EF6EB4 /* Products */,
			);
			sourceTree = "<group>";
		};
		A01E26991EF9BCC200EF6EB4 /* Products */ = {
			isa = PBXGroup;
			children = (
				A01E26981EF9BCC200EF6EB4 /* tippy.app */,
				A01E26AC1EF9BCC200EF6EB4 /* tippyTests.xctest */,
				A01E26B71EF9BCC200EF6EB4 /* tippyUITests.xctest */,
			);
			name = Products;
			sourceTree = "<group>";
		};
		A01E269A1EF9BCC200EF6EB4 /* tippy */ = {
			isa = PBXGroup;
			children = (
				A01E269B1EF9BCC200EF6EB4 /* AppDelegate.swift */,
				A01E269D1EF9BCC200EF6EB4 /* ViewController.swift */,
				A01E269F1EF9BCC200EF6EB4 /* Main.storyboard */,
				A01E26A21EF9BCC200EF6EB4 /* Assets.xcassets */,
				A01E26A41EF9BCC200EF6EB4 /* LaunchScreen.storyboard */,
				A01E26A71EF9BCC200EF6EB4 /* Info.plist */,
			);
			path = tippy;
			sourceTree = "<group>";
		};
		A01E26AF1EF9BCC200EF6EB4 /* tippyTests */ = {
			isa = PBXGroup;
			children = (
				A01E26B01EF9BCC200EF6EB4 /* tippyTests.swift */,
				A01E26B21EF9BCC200EF6EB4 /* Info.plist */,
			);
			path = tippyTests;
			sourceTree = "<group>";
		};
		A01E26BA1EF9BCC200EF6EB4 /* tippyUITests */ = {
			isa = PBXGroup;
			children = (
				A01E26BB1EF9BCC200EF6EB4 /* tippyUITests.swift */,
				A01E26BD1EF9BCC200EF6EB4 /* Info.plist */,
			);
			path = tippyUITests;
			sourceTree = "<group>";
		};
/* End PBXGroup section */

/* Begin PBXNativeTarget section */
		A01E26971EF9BCC200EF6EB4 /* tippy */ = {
			isa = PBXNativeTarget;
			buildConfigurationList = A01E26C01EF9BCC200EF6EB4 /* Build configuration list for PBXNativeTarget "tippy" */;
			buildPhases = (
				A01E26941EF9BCC200EF6EB4 /* Sources */,
				A01E26951EF9BCC200EF6EB4 /* Frameworks */,
				A01E26961EF9BCC200EF6EB4 /* Resources */,
			);
			buildRules = (
			);
			dependencies = (
			);
			name = tippy;
			productName = tippy;
			productReference = A01E26981EF9BCC200EF6EB4 /* tippy.app */;
			productType = "com.apple.product-type.application";
		};
		A01E26AB1EF9BCC200EF6EB4 /* tippyTests */ = {
			isa = PBXNativeTarget;
			buildConfigurationList = A01E26C31EF9BCC200EF6EB4 /* Build configuration list for PBXNativeTarget "tippyTests" */;
			buildPhases = (
				A01E26A81EF9BCC200EF6EB4 /* Sources */,
				A01E26A91EF9BCC200EF6EB4 /* Frameworks */,
				A01E26AA1EF9BCC200EF6EB4 /* Resources */,
			);
			buildRules = (
			);
			dependencies = (
				A01E26AE1EF9BCC200EF6EB4 /* PBXTargetDependency */,
			);
			name = tippyTests;
			productName = tippyTests;
			productReference = A01E26AC1EF9BCC200EF6EB4 /* tippyTests.xctest */;
			productType = "com.apple.product-type.bundle.unit-test";
		};
		A01E26B61EF9BCC200EF6EB4 /* tippyUITests */ = {
			isa = PBXNativeTarget;
			buildConfigurationList = A01E26C61EF9BCC200EF6EB4 /* Build configuration list for PBXNativeTarget "tippyUITests" */;
			buildPhases = (
				A01E26B31EF9BCC200EF6EB4 /* Sources */,
				A01E26B41EF9BCC200EF6EB4 /* Frameworks */,
				A01E26B51EF9BCC200EF6EB4 /* Resources */,
			);
			buildRules = (
			);
			dependencies = (
				A01E26B91EF9BCC200EF6EB4 /* PBXTargetDependency */,
			);
			name = tippyUITests;
			productName = tippyUITests;
			productReference = A01E26B71EF9BCC200EF6EB4 /* tippyUITests.xctest */;
			productType = "com.apple.product-type.bundle.ui-testing";
		};
/* End PBXNativeTarget section */

/* Begin PBXProject section */
		A01E26901EF9BCC100EF6EB4 /* Project object */ = {
			isa = PBXProject;
			attributes = {
				LastSwiftUpdateCheck = 0830;
				LastUpgradeCheck = 0830;
				ORGANIZATIONNAME = "Daniel Afolabi";
				TargetAttributes = {
					A01E26971EF9BCC200EF6EB4 = {
						CreatedOnToolsVersion = 8.3.2;
						ProvisioningStyle = Automatic;
					};
					A01E26AB1EF9BCC200EF6EB4 = {
						CreatedOnToolsVersion = 8.3.2;
						ProvisioningStyle = Automatic;
						TestTargetID = A01E26971EF9BCC200EF6EB4;
					};
					A01E26B61EF9BCC200EF6EB4 = {
						CreatedOnToolsVersion = 8.3.2;
						ProvisioningStyle = Automatic;
						TestTargetID = A01E26971EF9BCC200EF6EB4;
					};
				};
			};
			buildConfigurationList = A01E26931EF9BCC100EF6EB4 /* Build configuration list for PBXProject "tippy" */;
			compatibilityVersion = "Xcode 3.2";
			developmentRegion = English;
			hasScannedForEncodings = 0;
			knownRegions = (
				en,
				Base,
			);
			mainGroup = A01E268F1EF9BCC100EF6EB4;
			productRefGroup = A01E26991EF9BCC200EF6EB4 /* Products */;
			projectDirPath = "";
			projectRoot = "";
			targets = (
				A01E26971EF9BCC200EF6EB4 /* tippy */,
				A01E26AB1EF9BCC200EF6EB4 /* tippyTests */,
				A01E26B61EF9BCC200EF6EB4 /* tippyUITests */,
			);
		};
/* End PBXProject section */

/* Begin PBXResourcesBuildPhase section */
		A01E26961EF9BCC200EF6EB4 /* Resources */ = {
			isa = PBXResourcesBuildPhase;
			buildActionMask = 2147483647;
			files = (
				A01E26A61EF9BCC200EF6EB4 /* LaunchScreen.storyboard in Resources */,
				A01E26A31EF9BCC200EF6EB4 /* Assets.xcassets in Resources */,
				A01E26A11EF9BCC200EF6EB4 /* Main.storyboard in Resources */,
			);
			runOnlyForDeploymentPostprocessing = 0;
		};
		A01E26AA1EF9BCC200EF6EB4 /* Resources */ = {
			isa = PBXResourcesBuildPhase;
			buildActionMask = 2147483647;
			files = (
			);
			runOnlyForDeploymentPostprocessing = 0;
		};
		A01E26B51EF9BCC200EF6EB4 /* Resources */ = {
			isa = PBXResourcesBuildPhase;
			buildActionMask = 2147483647;
			files = (
			);
			runOnlyForDeploymentPostprocessing = 0;
		};
/* End PBXResourcesBuildPhase section */

/* Begin PBXSourcesBuildPhase section */
		A01E26941EF9BCC200EF6EB4 /* Sources */ = {
			isa = PBXSourcesBuildPhase;
			buildActionMask = 2147483647;
			files = (
				A01E269E1EF9BCC200EF6EB4 /* ViewController.swift in Sources */,
				A01E269C1EF9BCC200EF6EB4 /* AppDelegate.swift in Sources */,
			);
			runOnlyForDeploymentPostprocessing = 0;
		};
		A01E26A81EF9BCC200EF6EB4 /* Sources */ = {
			isa = PBXSourcesBuildPhase;
			buildActionMask = 2147483647;
			files = (
				A01E26B11EF9BCC200EF6EB4 /* tippyTests.swift in Sources */,
			);
			runOnlyForDeploymentPostprocessing = 0;
		};
		A01E26B31EF9BCC200EF6EB4 /* Sources */ = {
			isa = PBXSourcesBuildPhase;
			buildActionMask = 2147483647;
			files = (
				A01E26BC1EF9BCC200EF6EB4 /* tippyUITests.swift in Sources */,
			);
			runOnlyForDeploymentPostprocessing = 0;
		};
/* End PBXSourcesBuildPhase section */

/* Begin PBXTargetDependency section */
		A01E26AE1EF9BCC200EF6EB4 /* PBXTargetDependency */ = {
			isa = PBXTargetDependency;
			target = A01E26971EF9BCC200EF6EB4 /* tippy */;
			targetProxy = A01E26AD1EF9BCC200EF6EB4 /* PBXContainerItemProxy */;
		};
		A01E26B91EF9BCC200EF6EB4 /* PBXTargetDependency */ = {
			isa = PBXTargetDependency;
			target = A01E26971EF9BCC200EF6EB4 /* tippy */;
			targetProxy = A01E26B81EF9BCC200EF6EB4 /* PBXContainerItemProxy */;
		};
/* End PBXTargetDependency section */

/* Begin PBXVariantGroup section */
		A01E269F1EF9BCC200EF6EB4 /* Main.storyboard */ = {
			isa = PBXVariantGroup;
			children = (
				A01E26A01EF9BCC200EF6EB4 /* Base */,
			);
			name = Main.storyboard;
			sourceTree = "<group>";
		};
		A01E26A41EF9BCC200EF6EB4 /* LaunchScreen.storyboard */ = {
			isa = PBXVariantGroup;
			children = (
				A01E26A51EF9BCC200EF6EB4 /* Base */,
			);
			name = LaunchScreen.storyboard;
			sourceTree = "<group>";
		};
/* End PBXVariantGroup section */

/* Begin XCBuildConfiguration section */
		A01E26BE1EF9BCC200EF6EB4 /* Debug */ = {
			isa = XCBuildConfiguration;
			buildSettings = {
				ALWAYS_SEARCH_USER_PATHS = NO;
				CLANG_ANALYZER_NONNULL = YES;
				CLANG_ANALYZER_NUMBER_OBJECT_CONVERSION = YES_AGGRESSIVE;
				CLANG_CXX_LANGUAGE_STANDARD = "gnu++0x";
				CLANG_CXX_LIBRARY = "libc++";
				CLANG_ENABLE_MODULES = YES;
				CLANG_ENABLE_OBJC_ARC = YES;
				CLANG_WARN_BOOL_CONVERSION = YES;
				CLANG_WARN_CONSTANT_CONVERSION = YES;
				CLANG_WARN_DIRECT_OBJC_ISA_USAGE = YES_ERROR;
				CLANG_WARN_DOCUMENTATION_COMMENTS = YES;
				CLANG_WARN_EMPTY_BODY = YES;
				CLANG_WARN_ENUM_CONVERSION = YES;
				CLANG_WARN_INFINITE_RECURSION = YES;
				CLANG_WARN_INT_CONVERSION = YES;
				CLANG_WARN_OBJC_ROOT_CLASS = YES_ERROR;
				CLANG_WARN_SUSPICIOUS_MOVE = YES;
				CLANG_WARN_UNREACHABLE_CODE = YES;
				CLANG_WARN__DUPLICATE_METHOD_MATCH = YES;
				"CODE_SIGN_IDENTITY[sdk=iphoneos*]" = "iPhone Developer";
				COPY_PHASE_STRIP = NO;
				DEBUG_INFORMATION_FORMAT = dwarf;
				ENABLE_STRICT_OBJC_MSGSEND = YES;
				ENABLE_TESTABILITY = YES;
				GCC_C_LANGUAGE_STANDARD = gnu99;
				GCC_DYNAMIC_NO_PIC = NO;
				GCC_NO_COMMON_BLOCKS = YES;
				GCC_OPTIMIZATION_LEVEL = 0;
				GCC_PREPROCESSOR_DEFINITIONS = (
					"DEBUG=1",
					"$(inherited)",
				);
				GCC_WARN_64_TO_32_BIT_CONVERSION = YES;
				GCC_WARN_ABOUT_RETURN_TYPE = YES_ERROR;
				GCC_WARN_UNDECLARED_SELECTOR = YES;
				GCC_WARN_UNINITIALIZED_AUTOS = YES_AGGRESSIVE;
				GCC_WARN_UNUSED_FUNCTION = YES;
				GCC_WARN_UNUSED_VARIABLE = YES;
				IPHONEOS_DEPLOYMENT_TARGET = 10.3;
				MTL_ENABLE_DEBUG_INFO = YES;
				ONLY_ACTIVE_ARCH = YES;
				SDKROOT = iphoneos;
				SWIFT_ACTIVE_COMPILATION_CONDITIONS = DEBUG;
				SWIFT_OPTIMIZATION_LEVEL = "-Onone";
			};
			name = Debug;
		};
		A01E26BF1EF9BCC200EF6EB4 /* Release */ = {
			isa = XCBuildConfiguration;
			buildSettings = {
				ALWAYS_SEARCH_USER_PATHS = NO;
				CLANG_ANALYZER_NONNULL = YES;
				CLANG_ANALYZER_NUMBER_OBJECT_CONVERSION = YES_AGGRESSIVE;
				CLANG_CXX_LANGUAGE_STANDARD = "gnu++0x";
				CLANG_CXX_LIBRARY = "libc++";
				CLANG_ENABLE_MODULES = YES;
				CLANG_ENABLE_OBJC_ARC = YES;
				CLANG_WARN_BOOL_CONVERSION = YES;
				CLANG_WARN_CONSTANT_CONVERSION = YES;
				CLANG_WARN_DIRECT_OBJC_ISA_USAGE = YES_ERROR;
				CLANG_WARN_DOCUMENTATION_COMMENTS = YES;
				CLANG_WARN_EMPTY_BODY = YES;
				CLANG_WARN_ENUM_CONVERSION = YES;
				CLANG_WARN_INFINITE_RECURSION = YES;
				CLANG_WARN_INT_CONVERSION = YES;
				CLANG_WARN_OBJC_ROOT_CLASS = YES_ERROR;
				CLANG_WARN_SUSPICIOUS_MOVE = YES;
				CLANG_WARN_UNREACHABLE_CODE = YES;
				CLANG_WARN__DUPLICATE_METHOD_MATCH = YES;
				"CODE_SIGN_IDENTITY[sdk=iphoneos*]" = "iPhone Developer";
				COPY_PHASE_STRIP = NO;
				DEBUG_INFORMATION_FORMAT = "dwarf-with-dsym";
				ENABLE_NS_ASSERTIONS = NO;
				ENABLE_STRICT_OBJC_MSGSEND = YES;
				GCC_C_LANGUAGE_STANDARD = gnu99;
				GCC_NO_COMMON_BLOCKS = YES;
				GCC_WARN_64_TO_32_BIT_CONVERSION = YES;
				GCC_WARN_ABOUT_RETURN_TYPE = YES_ERROR;
				GCC_WARN_UNDECLARED_SELECTOR = YES;
				GCC_WARN_UNINITIALIZED_AUTOS = YES_AGGRESSIVE;
				GCC_WARN_UNUSED_FUNCTION = YES;
				GCC_WARN_UNUSED_VARIABLE = YES;
				IPHONEOS_DEPLOYMENT_TARGET = 10.3;
				MTL_ENABLE_DEBUG_INFO = NO;
				SDKROOT = iphoneos;
				SWIFT_OPTIMIZATION_LEVEL = "-Owholemodule";
				VALIDATE_PRODUCT = YES;
			};
			name = Release;
		};
		A01E26C11EF9BCC200EF6EB4 /* Debug */ = {
			isa = XCBuildConfiguration;
			buildSettings = {
				ASSETCATALOG_COMPILER_APPICON_NAME = AppIcon;
				INFOPLIST_FILE = tippy/Info.plist;
				LD_RUNPATH_SEARCH_PATHS = "$(inherited) @executable_path/Frameworks";
				PRODUCT_BUNDLE_IDENTIFIER = com.afolabi.tippy;
				PRODUCT_NAME = "$(TARGET_NAME)";
				SWIFT_VERSION = 3.0;
			};
			name = Debug;
		};
		A01E26C21EF9BCC200EF6EB4 /* Release */ = {
			isa = XCBuildConfiguration;
			buildSettings = {
				ASSETCATALOG_COMPILER_APPICON_NAME = AppIcon;
				INFOPLIST_FILE = tippy/Info.plist;
				LD_RUNPATH_SEARCH_PATHS = "$(inherited) @executable_path/Frameworks";
				PRODUCT_BUNDLE_IDENTIFIER = com.afolabi.tippy;
				PRODUCT_NAME = "$(TARGET_NAME)";
				SWIFT_VERSION = 3.0;
			};
			name = Release;
		};
		A01E26C41EF9BCC200EF6EB4 /* Debug */ = {
			isa = XCBuildConfiguration;
			buildSettings = {
				ALWAYS_EMBED_SWIFT_STANDARD_LIBRARIES = YES;
				BUNDLE_LOADER = "$(TEST_HOST)";
				INFOPLIST_FILE = tippyTests/Info.plist;
				LD_RUNPATH_SEARCH_PATHS = "$(inherited) @executable_path/Frameworks @loader_path/Frameworks";
				PRODUCT_BUNDLE_IDENTIFIER = com.afolabi.tippyTests;
				PRODUCT_NAME = "$(TARGET_NAME)";
				SWIFT_VERSION = 3.0;
				TEST_HOST = "$(BUILT_PRODUCTS_DIR)/tippy.app/tippy";
			};
			name = Debug;
		};
		A01E26C51EF9BCC200EF6EB4 /* Release */ = {
			isa = XCBuildConfiguration;
			buildSettings = {
				ALWAYS_EMBED_SWIFT_STANDARD_LIBRARIES = YES;
				BUNDLE_LOADER = "$(TEST_HOST)";
				INFOPLIST_FILE = tippyTests/Info.plist;
				LD_RUNPATH_SEARCH_PATHS = "$(inherited) @executable_path/Frameworks @loader_path/Frameworks";
				PRODUCT_BUNDLE_IDENTIFIER = com.afolabi.tippyTests;
				PRODUCT_NAME = "$(TARGET_NAME)";
				SWIFT_VERSION = 3.0;
				TEST_HOST = "$(BUILT_PRODUCTS_DIR)/tippy.app/tippy";
			};
			name = Release;
		};
		A01E26C71EF9BCC200EF6EB4 /* Debug */ = {
			isa = XCBuildConfiguration;
			buildSettings = {
				ALWAYS_EMBED_SWIFT_STANDARD_LIBRARIES = YES;
				INFOPLIST_FILE = tippyUITests/Info.plist;
				LD_RUNPATH_SEARCH_PATHS = "$(inherited) @executable_path/Frameworks @loader_path/Frameworks";
				PRODUCT_BUNDLE_IDENTIFIER = com.afolabi.tippyUITests;
				PRODUCT_NAME = "$(TARGET_NAME)";
				SWIFT_VERSION = 3.0;
				TEST_TARGET_NAME = tippy;
			};
			name = Debug;
		};
		A01E26C81EF9BCC200EF6EB4 /* Release */ = {
			isa = XCBuildConfiguration;
			buildSettings = {
				ALWAYS_EMBED_SWIFT_STANDARD_LIBRARIES = YES;
				INFOPLIST_FILE = tippyUITests/Info.plist;
				LD_RUNPATH_SEARCH_PATHS = "$(inherited) @executable_path/Frameworks @loader_path/Frameworks";
				PRODUCT_BUNDLE_IDENTIFIER = com.afolabi.tippyUITests;
				PRODUCT_NAME = "$(TARGET_NAME)";
				SWIFT_VERSION = 3.0;
				TEST_TARGET_NAME = tippy;
			};
			name = Release;
		};
/* End XCBuildConfiguration section */

/* Begin XCConfigurationList section */
		A01E26931EF9BCC100EF6EB4 /* Build configuration list for PBXProject "tippy" */ = {
			isa = XCConfigurationList;
			buildConfigurations = (
				A01E26BE1EF9BCC200EF6EB4 /* Debug */,
				A01E26BF1EF9BCC200EF6EB4 /* Release */,
			);
			defaultConfigurationIsVisible = 0;
			defaultConfigurationName = Release;
		};
		A01E26C01EF9BCC200EF6EB4 /* Build configuration list for PBXNativeTarget "tippy" */ = {
			isa = XCConfigurationList;
			buildConfigurations = (
				A01E26C11EF9BCC200EF6EB4 /* Debug */,
				A01E26C21EF9BCC200EF6EB4 /* Release */,
			);
			defaultConfigurationIsVisible = 0;
		};
		A01E26C31EF9BCC200EF6EB4 /* Build configuration list for PBXNativeTarget "tippyTests" */ = {
			isa = XCConfigurationList;
			buildConfigurations = (
				A01E26C41EF9BCC200EF6EB4 /* Debug */,
				A01E26C51EF9BCC200EF6EB4 /* Release */,
			);
			defaultConfigurationIsVisible = 0;
		};
		A01E26C61EF9BCC200EF6EB4 /* Build configuration list for PBXNativeTarget "tippyUITests" */ = {
			isa = XCConfigurationList;
			buildConfigurations = (
				A01E26C71EF9BCC200EF6EB4 /* Debug */,
				A01E26C81EF9BCC200EF6EB4 /* Release */,
			);
			defaultConfigurationIsVisible = 0;
		};
/* End XCConfigurationList section */
	};
	rootObject = A01E26901EF9BCC100EF6EB4 /* Project object */;
}
